
Microsoft Visual Studio Solution File, Format Version 12.00
# Visual Studio Version 16
VisualStudioVersion = 16.0.32002.261
MinimumVisualStudioVersion = 10.0.40219.1
Project("{8BC9CEB8-8B4A-11D0-8D11-00A0C91BC942}") = "ConsoleAppCppCXUniversalWindows", "ConsoleAppCppCXUniversalWindows\ConsoleAppCppCXUniversalWindows.vcxproj", "{45A211AD-8E37-471A-ACBD-91B023B07934}"
EndProject
Project("{8BC9CEB8-8B4A-11D0-8D11-00A0C91BC942}") = "ConsoleAppCppWinRTUniversalWindows", "ConsoleAppCppWinRTUniversalWindows\ConsoleAppCppWinRTUniversalWindows.vcxproj", "{1D1DDBCA-F768-4DC5-8DD9-218CE1D53E7F}"
EndProject
Project("{FAE04EC0-301F-11D3-BF4B-00C04F79EFBC}") = "ConsoleAppCSharpUniversalWindows", "ConsoleAppCSharpUniversalWindows\ConsoleAppCSharpUniversalWindows.csproj", "{AC789B05-4EA5-418E-95DA-8F85EA0A0C4E}"
EndProject
Global
	GlobalSection(SolutionConfigurationPlatforms) = preSolution
		Debug|ARM = Debug|ARM
		Debug|x64 = Debug|x64
		Debug|x86 = Debug|x86
		Release|ARM = Release|ARM
		Release|x64 = Release|x64
		Release|x86 = Release|x86
	EndGlobalSection
	GlobalSection(ProjectConfigurationPlatforms) = postSolution
		{45A211AD-8E37-471A-ACBD-91B023B07934}.Debug|ARM.ActiveCfg = Debug|ARM
		{45A211AD-8E37-471A-ACBD-91B023B07934}.Debug|ARM.Build.0 = Debug|ARM
		{45A211AD-8E37-471A-ACBD-91B023B07934}.Debug|ARM.Deploy.0 = Debug|ARM
		{45A211AD-8E37-471A-ACBD-91B023B07934}.Debug|x64.ActiveCfg = Debug|x64
		{45A211AD-8E37-471A-ACBD-91B023B07934}.Debug|x64.Build.0 = Debug|x64
		{45A211AD-8E37-471A-ACBD-91B023B07934}.Debug|x64.Deploy.0 = Debug|x64
		{45A211AD-8E37-471A-ACBD-91B023B07934}.Debug|x86.ActiveCfg = Debug|Win32
		{45A211AD-8E37-471A-ACBD-91B023B07934}.Debug|x86.Build.0 = Debug|Win32
		{45A211AD-8E37-471A-ACBD-91B023B07934}.Debug|x86.Deploy.0 = Debug|Win32
		{45A211AD-8E37-471A-ACBD-91B023B07934}.Release|ARM.ActiveCfg = Release|ARM
		{45A211AD-8E37-471A-ACBD-91B023B07934}.Release|ARM.Build.0 = Release|ARM
		{45A211AD-8E37-471A-ACBD-91B023B07934}.Release|ARM.Deploy.0 = Release|ARM
		{45A211AD-8E37-471A-ACBD-91B023B07934}.Release|x64.ActiveCfg = Release|x64
		{45A211AD-8E37-471A-ACBD-91B023B07934}.Release|x64.Build.0 = Release|x64
		{45A211AD-8E37-471A-ACBD-91B023B07934}.Release|x64.Deploy.0 = Release|x64
		{45A211AD-8E37-471A-ACBD-91B023B07934}.Release|x86.ActiveCfg = Release|Win32
		{45A211AD-8E37-471A-ACBD-91B023B07934}.Release|x86.Build.0 = Release|Win32
		{45A211AD-8E37-471A-ACBD-91B023B07934}.Release|x86.Deploy.0 = Release|Win32
		{1D1DDBCA-F768-4DC5-8DD9-218CE1D53E7F}.Debug|ARM.ActiveCfg = Debug|ARM
		{1D1DDBCA-F768-4DC5-8DD9-218CE1D53E7F}.Debug|ARM.Build.0 = Debug|ARM
		{1D1DDBCA-F768-4DC5-8DD9-218CE1D53E7F}.Debug|ARM.Deploy.0 = Debug|ARM
		{1D1DDBCA-F768-4DC5-8DD9-218CE1D53E7F}.Debug|x64.ActiveCfg = Debug|x64
		{1D1DDBCA-F768-4DC5-8DD9-218CE1D53E7F}.Debug|x64.Build.0 = Debug|x64
		{1D1DDBCA-F768-4DC5-8DD9-218CE1D53E7F}.Debug|x64.Deploy.0 = Debug|x64
		{1D1DDBCA-F768-4DC5-8DD9-218CE1D53E7F}.Debug|x86.ActiveCfg = Debug|Win32
		{1D1DDBCA-F768-4DC5-8DD9-218CE1D53E7F}.Debug|x86.Build.0 = Debug|Win32
		{1D1DDBCA-F768-4DC5-8DD9-218CE1D53E7F}.Debug|x86.Deploy.0 = Debug|Win32
		{1D1DDBCA-F768-4DC5-8DD9-218CE1D53E7F}.Release|ARM.ActiveCfg = Release|ARM
		{1D1DDBCA-F768-4DC5-8DD9-218CE1D53E7F}.Release|ARM.Build.0 = Release|ARM
		{1D1DDBCA-F768-4DC5-8DD9-218CE1D53E7F}.Release|ARM.Deploy.0 = Release|ARM
		{1D1DDBCA-F768-4DC5-8DD9-218CE1D53E7F}.Release|x64.ActiveCfg = Release|x64
		{1D1DDBCA-F768-4DC5-8DD9-218CE1D53E7F}.Release|x64.Build.0 = Release|x64
		{1D1DDBCA-F768-4DC5-8DD9-218CE1D53E7F}.Release|x64.Deploy.0 = Release|x64
		{1D1DDBCA-F768-4DC5-8DD9-218CE1D53E7F}.Release|x86.ActiveCfg = Release|Win32
		{1D1DDBCA-F768-4DC5-8DD9-218CE1D53E7F}.Release|x86.Build.0 = Release|Win32
		{1D1DDBCA-F768-4DC5-8DD9-218CE1D53E7F}.Release|x86.Deploy.0 = Release|Win32
		{AC789B05-4EA5-418E-95DA-8F85EA0A0C4E}.Debug|ARM.ActiveCfg = Debug|ARM
		{AC789B05-4EA5-418E-95DA-8F85EA0A0C4E}.Debug|ARM.Build.0 = Debug|ARM
		{AC789B05-4EA5-418E-95DA-8F85EA0A0C4E}.Debug|ARM.Deploy.0 = Debug|ARM
		{AC789B05-4EA5-418E-95DA-8F85EA0A0C4E}.Debug|x64.ActiveCfg = Debug|x64
		{AC789B05-4EA5-418E-95DA-8F85EA0A0C4E}.Debug|x64.Build.0 = Debug|x64
		{AC789B05-4EA5-418E-95DA-8F85EA0A0C4E}.Debug|x64.Deploy.0 = Debug|x64
		{AC789B05-4EA5-418E-95DA-8F85EA0A0C4E}.Debug|x86.ActiveCfg = Debug|x86
		{AC789B05-4EA5-418E-95DA-8F85EA0A0C4E}.Debug|x86.Build.0 = Debug|x86
		{AC789B05-4EA5-418E-95DA-8F85EA0A0C4E}.Debug|x86.Deploy.0 = Debug|x86
		{AC789B05-4EA5-418E-95DA-8F85EA0A0C4E}.Release|ARM.ActiveCfg = Release|ARM
		{AC789B05-4EA5-418E-95DA-8F85EA0A0C4E}.Release|ARM.Build.0 = Release|ARM
		{AC789B05-4EA5-418E-95DA-8F85EA0A0C4E}.Release|ARM.Deploy.0 = Release|ARM
		{AC789B05-4EA5-418E-95DA-8F85EA0A0C4E}.Release|x64.ActiveCfg = Release|x64
		{AC789B05-4EA5-418E-95DA-8F85EA0A0C4E}.Release|x64.Build.0 = Release|x64
		{AC789B05-4EA5-418E-95DA-8F85EA0A0C4E}.Release|x64.Deploy.0 = Release|x64
		{AC789B05-4EA5-418E-95DA-8F85EA0A0C4E}.Release|x86.ActiveCfg = Release|x86
		{AC789B05-4EA5-418E-95DA-8F85EA0A0C4E}.Release|x86.Build.0 = Release|x86
		{AC789B05-4EA5-418E-95DA-8F85EA0A0C4E}.Release|x86.Deploy.0 = Release|x86
	EndGlobalSection
	GlobalSection(SolutionProperties) = preSolution
		HideSolutionNode = FALSE
	EndGlobalSection
	GlobalSection(ExtensibilityGlobals) = postSolution
		SolutionGuid = {BC67339B-9770-46E8-BCE3-AF1090A75C02}
	EndGlobalSection
EndGlobal
